
Microsoft Visual Studio Solution File, Format Version 12.00
# Visual Studio Version 16
VisualStudioVersion = 16.0.30711.63
MinimumVisualStudioVersion = 10.0.40219.1
Project("{FAE04EC0-301F-11D3-BF4B-00C04F79EFBC}") = "DataAccess", "DataAccess\DataAccess.csproj", "{56AD89CE-ED81-4434-B707-066F98703EED}"
EndProject
Project("{FAE04EC0-301F-11D3-BF4B-00C04F79EFBC}") = "Business", "Business\Business.csproj", "{A409636E-2B53-4C66-A800-E4E8D3C52366}"
EndProject
Project("{FAE04EC0-301F-11D3-BF4B-00C04F79EFBC}") = "Entities", "Entities\Entities.csproj", "{DF684E64-A56B-486E-AFE2-6505A90EE29D}"
EndProject
Project("{FAE04EC0-301F-11D3-BF4B-00C04F79EFBC}") = "ConsoleUI", "ConsoleUI\ConsoleUI.csproj", "{9402174C-6F77-4903-BEF0-F170180691EA}"
EndProject
Global
	GlobalSection(SolutionConfigurationPlatforms) = preSolution
		Debug|Any CPU = Debug|Any CPU
		Release|Any CPU = Release|Any CPU
	EndGlobalSection
	GlobalSection(ProjectConfigurationPlatforms) = postSolution
		{56AD89CE-ED81-4434-B707-066F98703EED}.Debug|Any CPU.ActiveCfg = Debug|Any CPU
		{56AD89CE-ED81-4434-B707-066F98703EED}.Debug|Any CPU.Build.0 = Debug|Any CPU
		{56AD89CE-ED81-4434-B707-066F98703EED}.Release|Any CPU.ActiveCfg = Release|Any CPU
		{56AD89CE-ED81-4434-B707-066F98703EED}.Release|Any CPU.Build.0 = Release|Any CPU
		{A409636E-2B53-4C66-A800-E4E8D3C52366}.Debug|Any CPU.ActiveCfg = Debug|Any CPU
		{A409636E-2B53-4C66-A800-E4E8D3C52366}.Debug|Any CPU.Build.0 = Debug|Any CPU
		{A409636E-2B53-4C66-A800-E4E8D3C52366}.Release|Any CPU.ActiveCfg = Release|Any CPU
		{A409636E-2B53-4C66-A800-E4E8D3C52366}.Release|Any CPU.Build.0 = Release|Any CPU
		{DF684E64-A56B-486E-AFE2-6505A90EE29D}.Debug|Any CPU.ActiveCfg = Debug|Any CPU
		{DF684E64-A56B-486E-AFE2-6505A90EE29D}.Debug|Any CPU.Build.0 = Debug|Any CPU
		{DF684E64-A56B-486E-AFE2-6505A90EE29D}.Release|Any CPU.ActiveCfg = Release|Any CPU
		{DF684E64-A56B-486E-AFE2-6505A90EE29D}.Release|Any CPU.Build.0 = Release|Any CPU
		{9402174C-6F77-4903-BEF0-F170180691EA}.Debug|Any CPU.ActiveCfg = Debug|Any CPU
		{9402174C-6F77-4903-BEF0-F170180691EA}.Debug|Any CPU.Build.0 = Debug|Any CPU
		{9402174C-6F77-4903-BEF0-F170180691EA}.Release|Any CPU.ActiveCfg = Release|Any CPU
		{9402174C-6F77-4903-BEF0-F170180691EA}.Release|Any CPU.Build.0 = Release|Any CPU
	EndGlobalSection
	GlobalSection(SolutionProperties) = preSolution
		HideSolutionNode = FALSE
	EndGlobalSection
	GlobalSection(ExtensibilityGlobals) = postSolution
		SolutionGuid = {02FFC052-CAF3-412C-93B1-C768C0CEAF7B}
	EndGlobalSection
EndGlobal
